
Microsoft Visual Studio Solution File, Format Version 12.00
# Visual Studio Version 16
VisualStudioVersion = 16.0.31105.61
MinimumVisualStudioVersion = 10.0.40219.1
Project("{FAE04EC0-301F-11D3-BF4B-00C04F79EFBC}") = "DotNetTinyApp", "DotNetTinyApp.csproj", "{09E54506-C046-4FB1-91D5-D14ECA512F33}"
EndProject
Global
	GlobalSection(SolutionConfigurationPlatforms) = preSolution
		Debug|Any CPU = Debug|Any CPU
		Release|Any CPU = Release|Any CPU
	EndGlobalSection
	GlobalSection(ProjectConfigurationPlatforms) = postSolution
		{09E54506-C046-4FB1-91D5-D14ECA512F33}.Debug|Any CPU.ActiveCfg = Debug|Any CPU
		{09E54506-C046-4FB1-91D5-D14ECA512F33}.Debug|Any CPU.Build.0 = Debug|Any CPU
		{09E54506-C046-4FB1-91D5-D14ECA512F33}.Release|Any CPU.ActiveCfg = Release|Any CPU
		{09E54506-C046-4FB1-91D5-D14ECA512F33}.Release|Any CPU.Build.0 = Release|Any CPU
	EndGlobalSection
	GlobalSection(SolutionProperties) = preSolution
		HideSolutionNode = FALSE
	EndGlobalSection
	GlobalSection(ExtensibilityGlobals) = postSolution
		SolutionGuid = {80150E1F-CD1E-41CA-AC22-F7FD82D3AAC9}
	EndGlobalSection
EndGlobal
